
Microsoft Visual Studio Solution File, Format Version 12.00
# Visual Studio Version 16
VisualStudioVersion = 16.0.29806.167
MinimumVisualStudioVersion = 10.0.40219.1
Project("{9A19103F-16F7-4668-BE54-9A1E7A4F7556}") = "EnseignantFSNV", "EnseignantFSNV.csproj", "{1302DB7B-8354-4C65-ADA8-804B0297F5A9}"
EndProject
Project("{FAE04EC0-301F-11D3-BF4B-00C04F79EFBC}") = "EnseignantFSNV.Core", "..\EnseignantFSNV.Core\EnseignantFSNV.Core.csproj", "{01D233E2-4ED9-4E5B-8DC7-BE730465415A}"
EndProject
Project("{FAE04EC0-301F-11D3-BF4B-00C04F79EFBC}") = "EnseignantFSNV.Infrastructure", "..\EnseignantFSNV.Infrastructure\EnseignantFSNV.Infrastructure.csproj", "{C1782865-276D-4C50-9D0D-A4C962453965}"
EndProject
Global
	GlobalSection(SolutionConfigurationPlatforms) = preSolution
		Debug|Any CPU = Debug|Any CPU
		Release|Any CPU = Release|Any CPU
	EndGlobalSection
	GlobalSection(ProjectConfigurationPlatforms) = postSolution
		{1302DB7B-8354-4C65-ADA8-804B0297F5A9}.Debug|Any CPU.ActiveCfg = Debug|Any CPU
		{1302DB7B-8354-4C65-ADA8-804B0297F5A9}.Debug|Any CPU.Build.0 = Debug|Any CPU
		{1302DB7B-8354-4C65-ADA8-804B0297F5A9}.Release|Any CPU.ActiveCfg = Release|Any CPU
		{1302DB7B-8354-4C65-ADA8-804B0297F5A9}.Release|Any CPU.Build.0 = Release|Any CPU
		{01D233E2-4ED9-4E5B-8DC7-BE730465415A}.Debug|Any CPU.ActiveCfg = Debug|Any CPU
		{01D233E2-4ED9-4E5B-8DC7-BE730465415A}.Debug|Any CPU.Build.0 = Debug|Any CPU
		{01D233E2-4ED9-4E5B-8DC7-BE730465415A}.Release|Any CPU.ActiveCfg = Release|Any CPU
		{01D233E2-4ED9-4E5B-8DC7-BE730465415A}.Release|Any CPU.Build.0 = Release|Any CPU
		{C1782865-276D-4C50-9D0D-A4C962453965}.Debug|Any CPU.ActiveCfg = Debug|Any CPU
		{C1782865-276D-4C50-9D0D-A4C962453965}.Debug|Any CPU.Build.0 = Debug|Any CPU
		{C1782865-276D-4C50-9D0D-A4C962453965}.Release|Any CPU.ActiveCfg = Release|Any CPU
		{C1782865-276D-4C50-9D0D-A4C962453965}.Release|Any CPU.Build.0 = Release|Any CPU
	EndGlobalSection
	GlobalSection(SolutionProperties) = preSolution
		HideSolutionNode = FALSE
	EndGlobalSection
	GlobalSection(ExtensibilityGlobals) = postSolution
		SolutionGuid = {1231B750-0990-41BD-B236-88892A54EBB3}
	EndGlobalSection
EndGlobal
